{
  "requires": true,
  "lockfileVersion": 1,
  "dependencies": {
    "@aws-cdk/aws-iam": {
      "version": "1.98.0",
      "resolved": "https://registry.npmjs.org/@aws-cdk/aws-iam/-/aws-iam-1.98.0.tgz",
      "integrity": "sha512-q/uSK0kiT90jU14mxe4PTM3k4Btk/bECWDakn/MX8fHVe5An+LAvUHtLSrioH3h6oiBCWiJyWBjoRuv6jge4XQ==",
      "requires": {
        "@aws-cdk/core": "1.98.0",
        "@aws-cdk/region-info": "1.98.0",
        "constructs": "^3.3.69"
      }
    },
    "@aws-cdk/cloud-assembly-schema": {
      "version": "1.98.0",
      "resolved": "https://registry.npmjs.org/@aws-cdk/cloud-assembly-schema/-/cloud-assembly-schema-1.98.0.tgz",
      "integrity": "sha512-JHG8p/PMLNFR/7K2v+Yw5nn0cx7aP1hPstnNzzTZL7gibuUAfBViZhrVG0rneIu+j8NnD0OdSNJjHK37oZCGXA==",
      "requires": {
        "jsonschema": "^1.4.0",
        "semver": "^7.3.5"
      },
      "dependencies": {
        "jsonschema": {
          "version": "1.4.0",
          "bundled": true
        },
        "lru-cache": {
          "version": "6.0.0",
          "bundled": true,
          "requires": {
            "yallist": "^4.0.0"
          }
        },
        "semver": {
          "version": "7.3.5",
          "bundled": true,
          "requires": {
            "lru-cache": "^6.0.0"
          }
        },
        "yallist": {
          "version": "4.0.0",
          "bundled": true
        }
      }
    },
    "@aws-cdk/core": {
      "version": "1.98.0",
      "resolved": "https://registry.npmjs.org/@aws-cdk/core/-/core-1.98.0.tgz",
      "integrity": "sha512-liILij+G/Eo+A8ZGGOp/eBwGnpJAnAPw82sriTIFaoKpkH0zccGe7yJNP0woSvPAslc3R7VtSXqN1Hady/EksA==",
      "requires": {
        "@aws-cdk/cloud-assembly-schema": "1.98.0",
        "@aws-cdk/cx-api": "1.98.0",
        "@aws-cdk/region-info": "1.98.0",
        "@balena/dockerignore": "^1.0.2",
        "constructs": "^3.3.69",
        "fs-extra": "^9.1.0",
        "ignore": "^5.1.8",
        "minimatch": "^3.0.4"
      },
      "dependencies": {
        "@balena/dockerignore": {
          "version": "1.0.2",
          "bundled": true
        },
        "at-least-node": {
          "version": "1.0.0",
          "bundled": true
        },
        "balanced-match": {
          "version": "1.0.0",
          "bundled": true
        },
        "brace-expansion": {
          "version": "1.1.11",
          "bundled": true,
          "requires": {
            "balanced-match": "^1.0.0",
            "concat-map": "0.0.1"
          }
        },
        "concat-map": {
          "version": "0.0.1",
          "bundled": true
        },
        "fs-extra": {
          "version": "9.1.0",
          "bundled": true,
          "requires": {
            "at-least-node": "^1.0.0",
            "graceful-fs": "^4.2.0",
            "jsonfile": "^6.0.1",
            "universalify": "^2.0.0"
          }
        },
        "graceful-fs": {
          "version": "4.2.6",
          "bundled": true
        },
        "ignore": {
          "version": "5.1.8",
          "bundled": true
        },
        "jsonfile": {
          "version": "6.1.0",
          "bundled": true,
          "requires": {
            "graceful-fs": "^4.1.6",
            "universalify": "^2.0.0"
          }
        },
        "minimatch": {
          "version": "3.0.4",
          "bundled": true,
          "requires": {
            "brace-expansion": "^1.1.7"
          }
        },
        "universalify": {
          "version": "2.0.0",
          "bundled": true
        }
      }
    },
    "@aws-cdk/cx-api": {
      "version": "1.98.0",
      "resolved": "https://registry.npmjs.org/@aws-cdk/cx-api/-/cx-api-1.98.0.tgz",
      "integrity": "sha512-WVqUeBARUVQ4PQxeoKTBPurUVsx9Va4SopmNc3moC3Lrpr0bwP8X/M51NPIRVjSJqQf34KbYR4S8nha6Mivhwg==",
      "requires": {
        "@aws-cdk/cloud-assembly-schema": "1.98.0",
        "semver": "^7.3.5"
      },
      "dependencies": {
        "lru-cache": {
          "version": "6.0.0",
          "bundled": true,
          "requires": {
            "yallist": "^4.0.0"
          }
        },
        "semver": {
          "version": "7.3.5",
          "bundled": true,
          "requires": {
            "lru-cache": "^6.0.0"
          }
        },
        "yallist": {
          "version": "4.0.0",
          "bundled": true
        }
      }
    },
    "@aws-cdk/region-info": {
      "version": "1.98.0",
      "resolved": "https://registry.npmjs.org/@aws-cdk/region-info/-/region-info-1.98.0.tgz",
      "integrity": "sha512-cyNP0YvcLqJdc5gnZBQHAbVEMw/DnieXo46ooo8cqdvOh0u/mpLw78DP4Teh7xGtwbKoWfXYnDyzzXRvg92v1g=="
    },
    "constructs": {
      "version": "3.3.71",
      "resolved": "https://registry.npmjs.org/constructs/-/constructs-3.3.71.tgz",
      "integrity": "sha512-3KFtTsA7OV27m/+pJhN4iJkKzHbPIPvyvEX5BQ/JCAWjfCHOQEVpIgxHLpT4i8L1OFta+pJrzcEVAHo6UitwqA=="
    }
  }
}
